
Microsoft Visual Studio Solution File, Format Version 12.00
# Visual Studio Version 17
VisualStudioVersion = 17.0.32014.148
MinimumVisualStudioVersion = 10.0.40219.1
Project("{9A19103F-16F7-4668-BE54-9A1E7A4F7556}") = "MistyDashboard", "MistyDashboard\MistyDashboard.csproj", "{5DA2E60B-CD9E-405C-89D0-2CE9B8E564D4}"
EndProject
Global
	GlobalSection(SolutionConfigurationPlatforms) = preSolution
		Debug|Any CPU = Debug|Any CPU
		Release|Any CPU = Release|Any CPU
	EndGlobalSection
	GlobalSection(ProjectConfigurationPlatforms) = postSolution
		{5DA2E60B-CD9E-405C-89D0-2CE9B8E564D4}.Debug|Any CPU.ActiveCfg = Debug|Any CPU
		{5DA2E60B-CD9E-405C-89D0-2CE9B8E564D4}.Debug|Any CPU.Build.0 = Debug|Any CPU
		{5DA2E60B-CD9E-405C-89D0-2CE9B8E564D4}.Release|Any CPU.ActiveCfg = Release|Any CPU
		{5DA2E60B-CD9E-405C-89D0-2CE9B8E564D4}.Release|Any CPU.Build.0 = Release|Any CPU
	EndGlobalSection
	GlobalSection(SolutionProperties) = preSolution
		HideSolutionNode = FALSE
	EndGlobalSection
	GlobalSection(ExtensibilityGlobals) = postSolution
		SolutionGuid = {DAF5FD50-D3D0-478A-A7E7-BB98ED9BB344}
	EndGlobalSection
EndGlobal
